{
  "name": "rating",
  "version": "1.0.0",
  "lockfileVersion": 2,
  "requires": true,
  "packages": {
    "": {
      "name": "rating",
      "version": "1.0.0",
      "dependencies": {
        "lottie-web": "^5.9.6"
      }
    },
    "node_modules/lottie-web": {
      "version": "5.9.6",
      "resolved": "https://registry.npmjs.org/lottie-web/-/lottie-web-5.9.6.tgz",
      "integrity": "sha512-JFs7KsHwflugH5qIXBpB4905yC1Sub2MZWtl/elvO/QC6qj1ApqbUZJyjzJseJUtVpgiDaXQLjBlIJGS7UUUXA=="
    }
  },
  "dependencies": {
    "lottie-web": {
      "version": "5.9.6",
      "resolved": "https://registry.npmjs.org/lottie-web/-/lottie-web-5.9.6.tgz",
      "integrity": "sha512-JFs7KsHwflugH5qIXBpB4905yC1Sub2MZWtl/elvO/QC6qj1ApqbUZJyjzJseJUtVpgiDaXQLjBlIJGS7UUUXA=="
    }
  }
}
